
Microsoft Visual Studio Solution File, Format Version 12.00
# Visual Studio Version 17
VisualStudioVersion = 17.6.33723.286
MinimumVisualStudioVersion = 10.0.40219.1
Project("{9A19103F-16F7-4668-BE54-9A1E7A4F7556}") = "Epam.TestAutomation.Core", "Epam.TestAutomation.Core\Epam.TestAutomation.Core.csproj", "{FB496A28-E898-4840-9736-D933B085AF07}"
EndProject
Project("{9A19103F-16F7-4668-BE54-9A1E7A4F7556}") = "Epam.TestAutomation.Utilities", "Epam.TestAutomation.Utilities\Epam.TestAutomation.Utilities.csproj", "{A0FF393F-06A8-49A1-B2F5-2BE73D80FEC1}"
EndProject
Project("{2150E333-8FDC-42A3-9474-1A3956D46DE8}") = "Runsettings", "Runsettings", "{EB878E10-030B-4988-A538-FCF89B62EC32}"
	ProjectSection(SolutionItems) = preProject
		EpamTest.runsettings = EpamTest.runsettings
	EndProjectSection
EndProject
Global
	GlobalSection(SolutionConfigurationPlatforms) = preSolution
		Debug|Any CPU = Debug|Any CPU
		Release|Any CPU = Release|Any CPU
	EndGlobalSection
	GlobalSection(ProjectConfigurationPlatforms) = postSolution
		{FB496A28-E898-4840-9736-D933B085AF07}.Debug|Any CPU.ActiveCfg = Debug|Any CPU
		{FB496A28-E898-4840-9736-D933B085AF07}.Debug|Any CPU.Build.0 = Debug|Any CPU
		{FB496A28-E898-4840-9736-D933B085AF07}.Release|Any CPU.ActiveCfg = Release|Any CPU
		{FB496A28-E898-4840-9736-D933B085AF07}.Release|Any CPU.Build.0 = Release|Any CPU
		{A0FF393F-06A8-49A1-B2F5-2BE73D80FEC1}.Debug|Any CPU.ActiveCfg = Debug|Any CPU
		{A0FF393F-06A8-49A1-B2F5-2BE73D80FEC1}.Debug|Any CPU.Build.0 = Debug|Any CPU
		{A0FF393F-06A8-49A1-B2F5-2BE73D80FEC1}.Release|Any CPU.ActiveCfg = Release|Any CPU
		{A0FF393F-06A8-49A1-B2F5-2BE73D80FEC1}.Release|Any CPU.Build.0 = Release|Any CPU
	EndGlobalSection
	GlobalSection(SolutionProperties) = preSolution
		HideSolutionNode = FALSE
	EndGlobalSection
	GlobalSection(ExtensibilityGlobals) = postSolution
		SolutionGuid = {4A7755D7-4797-4CC8-89A7-D6DD2279053D}
	EndGlobalSection
EndGlobal
